<?xml version="1.0" encoding="UTF-8" standalone="yes" ?>
<CodeBlocks_project_file>
	<FileVersion major="1" minor="6" />
	<Project>
		<Option title="BrowseTracker wx3.0.x" />
		<Option pch_mode="2" />
		<Option compiler="gcc" />
		<Build>
			<Target title="default">
				<Option output="../../../devel30/share/codeblocks/plugins/BrowseTracker.dll" prefix_auto="0" extension_auto="0" />
				<Option object_output="../../../.objs30/plugins/contrib/BrowseTracker" />
				<Option type="3" />
				<Option compiler="gcc" />
				<Option parameters="--debug-log --multiple-instance -na -ns -nd -p debug" />
				<Option host_application="../../../devel30/codeblocks.exe" />
				<Option run_host_application_in_terminal="0" />
				<Compiler>
					<Add option="-Wall" />
					<Add option="-pipe" />
					<Add option="-mthreads" />
					<Add option="-fmessage-length=0" />
					<Add option="-fexceptions" />
					<Add option="-DBUILDING_PLUGIN" />
					<Add option="-DHAVE_W32API_H" />
					<Add option="-D__WXMSW__" />
					<Add option="-DWXUSINGDLL" />
					<Add option="-DcbDEBUG" />
					<Add option="-DNOPCH" />
					<Add option="-DwxUSE_UNICODE" />
					<Add option="-DNO_LOGGING" />
					<Add directory="../../../include" />
					<Add directory="../../../sdk/wxscintilla/include" />
					<Add directory="$(#WX30.include)" />
					<Add directory="$(#WX30.lib)/gcc_dll$(WX_CFG)/msw$(WX_SUFFIX)" />
				</Compiler>
				<Linker>
					<Add option="-s" />
					<Add option="-Wl,--enable-auto-import" />
					<Add option="-mthreads" />
					<Add library="wxmsw$(WX_VERSION)$(WX_SUFFIX)" />
					<Add library="codeblocks" />
					<Add directory="../../../devel30" />
					<Add directory="$(#WX30.lib)/gcc_dll$(WX_CFG)" />
				</Linker>
				<ExtraCommands>
					<Add after="zip -j9 ..\..\..\devel30\share\codeblocks\BrowseTracker.zip manifest.xml" />
					<Add after="zip -j9 ..\..\..\devel30\share\codeblocks\BrowseTracker.zip BrowseTrackerToolbar.xrc" />
					<Add after="zip -9r  ..\..\..\devel30\share\codeblocks\BrowseTracker.zip .\images" />
				</ExtraCommands>
			</Target>
			<Environment>
				<Variable name="CB_BASE" value="$(#CB)" />
				<Variable name="CB_BIN" value="$(#CB.bin)" />
				<Variable name="CB_INCLUDE" value="$(#CB.include)" />
				<Variable name="CB_LIB" value="$(#CB.lib)" />
				<Variable name="WX_CFG" value="" />
				<Variable name="WX_SUFFIX" value="u" />
				<Variable name="WX_VERSION" value="30" />
			</Environment>
		</Build>
		<VirtualTargets>
			<Add alias="All" targets="default;" />
		</VirtualTargets>
		<Unit filename="../src/plugins/contrib/BrowseTracker/BrowseMarks.cpp" />
		<Unit filename="../src/plugins/contrib/BrowseTracker/BrowseMarks.h" />
		<Unit filename="../src/plugins/contrib/BrowseTracker/BrowseSelector.cpp" />
		<Unit filename="../src/plugins/contrib/BrowseTracker/BrowseSelector.h" />
		<Unit filename="../src/plugins/contrib/BrowseTracker/BrowseTracker.cpp" />
		<Unit filename="../src/plugins/contrib/BrowseTracker/BrowseTracker.h" />
		<Unit filename="../src/plugins/contrib/BrowseTracker/BrowseTrackerConfPanel.cpp" />
		<Unit filename="../src/plugins/contrib/BrowseTracker/BrowseTrackerConfPanel.h" />
		<Unit filename="../src/plugins/contrib/BrowseTracker/BrowseTrackerDefs.h" />
		<Unit filename="../src/plugins/contrib/BrowseTracker/BrowseTrackerLayout.cpp" />
		<Unit filename="../src/plugins/contrib/BrowseTracker/BrowseTrackerLayout.h" />
		<Unit filename="../src/plugins/contrib/BrowseTracker/BrowseTrackerToolbar.xrc" />
		<Unit filename="../src/plugins/contrib/BrowseTracker/BrowseXpms.h" />
		<Unit filename="../src/plugins/contrib/BrowseTracker/ConfigPanel.cpp" />
		<Unit filename="../src/plugins/contrib/BrowseTracker/ConfigPanel.h" />
		<Unit filename="../src/plugins/contrib/BrowseTracker/JumpData.cpp" />
		<Unit filename="../src/plugins/contrib/BrowseTracker/JumpData.h" />
		<Unit filename="../src/plugins/contrib/BrowseTracker/JumpTracker.cpp" />
		<Unit filename="../src/plugins/contrib/BrowseTracker/JumpTracker.h" />
		<Unit filename="../src/plugins/contrib/BrowseTracker/Makefile.am" />
		<Unit filename="../src/plugins/contrib/BrowseTracker/ProjectData.cpp" />
		<Unit filename="../src/plugins/contrib/BrowseTracker/ProjectData.h" />
		<Unit filename="../src/plugins/contrib/BrowseTracker/Version.cpp" />
		<Unit filename="../src/plugins/contrib/BrowseTracker/Version.h" />
		<Unit filename="../src/plugins/contrib/BrowseTracker/manifest.xml" />
		<Extensions>
			<code_completion />
			<envvars />
			<debugger />
		</Extensions>
	</Project>
</CodeBlocks_project_file>
