<?xml version="1.0" encoding="UTF-8" standalone="yes" ?>
<CodeBlocks_project_file>
	<FileVersion major="1" minor="6" />
	<Project>
		<Option title="ThreadSearch wx3.0.x" />
		<Option compiler="gcc" />
		<Build>
			<Target title="default">
				<Option output="../../../devel30/share/CodeBlocks/plugins/ThreadSearch.dll" prefix_auto="0" extension_auto="0" />
				<Option object_output="../../../.objs30/plugins/contrib/ThreadSearch" />
				<Option external_deps="../../../devel30/wxcustombutton.dll;" />
				<Option type="3" />
				<Option compiler="gcc" />
				<Option parameters="--debug-log --multiple-instance -na -ns -nd -p debug" />
				<Option host_application="../../../devel30/codeblocks.exe" />
				<Option run_host_application_in_terminal="0" />
				<Compiler>
					<Add option="$(#CB_RELEASE_TYPE)" />
				</Compiler>
				<Linker>
					<Add library="codeblocks" />
					<Add library="wxmsw$(WX_VERSION)$(WX_SUFFIX)" />
					<Add library="wxcustombutton" />
					<Add directory="../../../devel30" />
					<Add directory="$(#WX30.lib)/gcc_dll$(WX_CFG)" />
				</Linker>
			</Target>
			<Environment>
				<Variable name="CB_BASE" value="$(#CB)" />
				<Variable name="CB_BIN" value="$(#CB.bin)" />
				<Variable name="CB_INCLUDE" value="$(#CB.include)" />
				<Variable name="CB_LIB" value="$(#CB.lib)" />
				<Variable name="WX_CFG" value="" />
				<Variable name="WX_SUFFIX" value="u" />
				<Variable name="WX_VERSION" value="30" />
			</Environment>
		</Build>
		<VirtualTargets>
			<Add alias="All" targets="default;" />
		</VirtualTargets>
		<Compiler>
			<Add option="-Wall" />
			<Add option="-pipe" />
			<Add option="-mthreads" />
			<Add option="-fmessage-length=0" />
			<Add option="-fexceptions" />
			<Add option="-DWXUSINGDLL" />
			<Add option="-DHAVE_W32API_H" />
			<Add option="-D__WXMSW__" />
			<Add option="-DcbDEBUG" />
			<Add option="-DNOPCH" />
			<Add option="-DwxUSE_UNICODE" />
			<Add option="-DBUILDING_PLUGIN" />
			<Add option="-DNO_LOGGING" />
			<Add directory="../../../include" />
			<Add directory="../../../sdk/wxscintilla/include" />
			<Add directory="../../../include/mozilla_chardet" />
			<Add directory="../../../include/mozilla_chardet/mfbt" />
			<Add directory="../../../include/mozilla_chardet/nsprpub/pr/include" />
			<Add directory="../../../include/mozilla_chardet/xpcom" />
			<Add directory="../../../include/mozilla_chardet/xpcom/base" />
			<Add directory="../../../include/mozilla_chardet/xpcom/glue" />
			<Add directory="$(#WX30.include)" />
			<Add directory="$(#WX30.lib)/gcc_dll$(WX_CFG)/msw$(WX_SUFFIX)" />
			<Add directory="../wxContribItems/wxthings/include" />
		</Compiler>
		<Linker>
			<Add option="-mthreads" />
		</Linker>
		<ExtraCommands>
			<Add after="zip -j9 ..\..\..\devel30\share\codeblocks\ThreadSearch.zip manifest.xml" />
			<Add after="update30.bat" />
			<Mode after="always" />
		</ExtraCommands>
		<Unit filename="../src/plugins/contrib/ThreadSearch/DirectoryParamsPanel.cpp" />
		<Unit filename="../src/plugins/contrib/ThreadSearch/DirectoryParamsPanel.h" />
		<Unit filename="../src/plugins/contrib/ThreadSearch/InsertIndexManager.cpp" />
		<Unit filename="../src/plugins/contrib/ThreadSearch/InsertIndexManager.h" />
		<Unit filename="../src/plugins/contrib/ThreadSearch/SearchInPanel.cpp" />
		<Unit filename="../src/plugins/contrib/ThreadSearch/SearchInPanel.h" />
		<Unit filename="../src/plugins/contrib/ThreadSearch/TextFileSearcher.cpp" />
		<Unit filename="../src/plugins/contrib/ThreadSearch/TextFileSearcher.h" />
		<Unit filename="../src/plugins/contrib/ThreadSearch/TextFileSearcherRegEx.cpp" />
		<Unit filename="../src/plugins/contrib/ThreadSearch/TextFileSearcherRegEx.h" />
		<Unit filename="../src/plugins/contrib/ThreadSearch/TextFileSearcherText.cpp" />
		<Unit filename="../src/plugins/contrib/ThreadSearch/TextFileSearcherText.h" />
		<Unit filename="../src/plugins/contrib/ThreadSearch/ThreadSearch.cpp" />
		<Unit filename="../src/plugins/contrib/ThreadSearch/ThreadSearch.h" />
		<Unit filename="../src/plugins/contrib/ThreadSearch/ThreadSearchConfPanel.cpp" />
		<Unit filename="../src/plugins/contrib/ThreadSearch/ThreadSearchConfPanel.h" />
		<Unit filename="../src/plugins/contrib/ThreadSearch/ThreadSearchControlIds.cpp" />
		<Unit filename="../src/plugins/contrib/ThreadSearch/ThreadSearchControlIds.h" />
		<Unit filename="../src/plugins/contrib/ThreadSearch/ThreadSearchEvent.cpp" />
		<Unit filename="../src/plugins/contrib/ThreadSearch/ThreadSearchEvent.h" />
		<Unit filename="../src/plugins/contrib/ThreadSearch/ThreadSearchFindData.cpp" />
		<Unit filename="../src/plugins/contrib/ThreadSearch/ThreadSearchFindData.h" />
		<Unit filename="../src/plugins/contrib/ThreadSearch/ThreadSearchLoggerBase.cpp" />
		<Unit filename="../src/plugins/contrib/ThreadSearch/ThreadSearchLoggerBase.h" />
		<Unit filename="../src/plugins/contrib/ThreadSearch/ThreadSearchLoggerList.cpp" />
		<Unit filename="../src/plugins/contrib/ThreadSearch/ThreadSearchLoggerList.h" />
		<Unit filename="../src/plugins/contrib/ThreadSearch/ThreadSearchLoggerTree.cpp" />
		<Unit filename="../src/plugins/contrib/ThreadSearch/ThreadSearchLoggerTree.h" />
		<Unit filename="../src/plugins/contrib/ThreadSearch/ThreadSearchThread.cpp" />
		<Unit filename="../src/plugins/contrib/ThreadSearch/ThreadSearchThread.h" />
		<Unit filename="../src/plugins/contrib/ThreadSearch/ThreadSearchView.cpp" />
		<Unit filename="../src/plugins/contrib/ThreadSearch/ThreadSearchView.h" />
		<Unit filename="../src/plugins/contrib/ThreadSearch/ThreadSearchViewManagerBase.cpp" />
		<Unit filename="../src/plugins/contrib/ThreadSearch/ThreadSearchViewManagerBase.h" />
		<Unit filename="../src/plugins/contrib/ThreadSearch/ThreadSearchViewManagerLayout.cpp" />
		<Unit filename="../src/plugins/contrib/ThreadSearch/ThreadSearchViewManagerLayout.h" />
		<Unit filename="../src/plugins/contrib/ThreadSearch/ThreadSearchViewManagerMessagesNotebook.cpp" />
		<Unit filename="../src/plugins/contrib/ThreadSearch/ThreadSearchViewManagerMessagesNotebook.h" />
		<Unit filename="../src/plugins/contrib/ThreadSearch/logging.h" />
		<Unit filename="../src/plugins/contrib/ThreadSearch/manifest.xml" />
		<Unit filename="../src/plugins/contrib/ThreadSearch/update30" />
		<Unit filename="../src/plugins/contrib/ThreadSearch/update30.bat" />
		<Extensions>
			<code_completion />
			<envvars />
			<debugger />
		</Extensions>
	</Project>
</CodeBlocks_project_file>
