<?xml version="1.0" encoding="UTF-8" standalone="yes" ?>
<CodeBlocks_project_file>
	<FileVersion major="1" minor="6" />
	<Project>
		<Option title="wxSmith - Contrib Items wx3.0.x" />
		<Option platforms="Windows;" />
		<Option pch_mode="2" />
		<Option default_target="wxSmithContribItems" />
		<Option compiler="gcc" />
		<Build>
			<Target title="wxSmithContribItems">
				<Option platforms="Windows;" />
				<Option output="../../../devel30/share/CodeBlocks/plugins/wxSmithContribItems" prefix_auto="1" extension_auto="1" />
				<Option object_output="../../../.objs30/plugins/contrib/wxSmithContribItems" />
				<Option external_deps="../../../devel30/wxsmithlib.dll;" />
				<Option type="3" />
				<Option compiler="gcc" />
				<Option parameters="--debug-log --multiple-instance -na -ns -nd -p debug" />
				<Option host_application="../../../devel30/codeblocks.exe" />
				<Option run_host_application_in_terminal="0" />
				<Option projectLinkerOptionsRelation="2" />
				<Compiler>
					<Add option="-DBUILDING_PLUGIN" />
					<Add option="-DcbDEBUG" />
					<Add option="-DNOPCH" />
					<Add directory="../../../include" />
					<Add directory="../../../sdk/wxscintilla/include" />
					<Add directory="../wxSmith" />
					<Add directory="../wxSmith/wxwidgets" />
					<Add directory="../wxSmith/wxwidgets/properties" />
					<Add directory="../wxSmith/properties" />
					<Add directory="../wxContribItems/wxchart/include" />
					<Add directory="../wxContribItems/wxFlatNotebook/include" />
					<Add directory="../wxContribItems/wxImagePanel/include" />
					<Add directory="../wxContribItems/wxthings/include" />
					<Add directory="../wxContribItems/KWIC/include" />
					<Add directory="../wxContribItems/wxSpeedButton" />
					<Add directory="../wxContribItems/wxTreeList/include" />
					<Add directory="../wxContribItems/wxled/gizmosled/include" />
					<Add directory="../wxContribItems/wxled/lcdWindow/include" />
					<Add directory="../wxContribItems/wxled/led/include" />
					<Add directory="../wxContribItems/wxled/ledpanel/include" />
				</Compiler>
				<Linker>
					<Add library="wxsmithlib" />
					<Add library="codeblocks" />
					<Add library="wxkwic" />
					<Add library="wxflatnotebook" />
					<Add library="wxchartctrl" />
					<Add library="wxcustombutton" />
					<Add library="wximagepanel" />
					<Add library="wxspeedbutton" />
					<Add library="wxtreelist" />
					<Add library="wxled" />
					<Add directory="../../../devel30" />
				</Linker>
				<ExtraCommands>
					<Add after="zip -j9 ..\..\..\devel30\share\CodeBlocks\wxSmithContribItems.zip manifest.xml" />
					<Mode after="always" />
				</ExtraCommands>
			</Target>
			<Environment>
				<Variable name="CB_BASE" value="$(#CB)" />
				<Variable name="CB_BIN" value="$(#CB.bin)" />
				<Variable name="CB_INCLUDE" value="$(#CB.include)" />
				<Variable name="CB_LIB" value="$(#CB.lib)" />
				<Variable name="WX_CFG" value="" />
				<Variable name="WX_SUFFIX" value="u" />
				<Variable name="WX_VERSION" value="30" />
			</Environment>
		</Build>
		<VirtualTargets>
			<Add alias="All" targets="wxSmithContribItems;" />
		</VirtualTargets>
		<Compiler>
			<Add option="-Wall" />
			<Add option="$(#CB_RELEASE_TYPE)" />
			<Add option="-pipe" />
			<Add option="-mthreads" />
			<Add option="-fmessage-length=0" />
			<Add option="-fexceptions" />
			<Add option="-DHAVE_W32API_H" />
			<Add option="-D__WXMSW__" />
			<Add option="-DWXUSINGDLL" />
			<Add option="-DwxUSE_UNICODE" />
			<Add directory="$(#WX30.include)" />
			<Add directory="$(#WX30.lib)/gcc_dll$(WX_CFG)/msw$(WX_SUFFIX)" />
		</Compiler>
		<Linker>
			<Add option="-Wl,--enable-auto-import" />
			<Add option="-mthreads" />
			<Add library="wxmsw$(WX_VERSION)$(WX_SUFFIX)" />
			<Add directory="../../../devel30" />
			<Add directory="$(#WX30.lib)/gcc_dll$(WX_CFG)" />
		</Linker>
		<Unit filename="../src/plugins/contrib/wxSmithContribItems/manifest.xml" />
		<Unit filename="../src/plugins/contrib/wxSmithContribItems/wxSmithContribItems.cpp" />
		<Unit filename="../src/plugins/contrib/wxSmithContribItems/wxSmithContribItems.h" />
		<Unit filename="../src/plugins/contrib/wxSmithContribItems/wxSmithKWIC/images/angmet16.xpm" />
		<Unit filename="../src/plugins/contrib/wxSmithContribItems/wxSmithKWIC/images/angmet32.xpm" />
		<Unit filename="../src/plugins/contrib/wxSmithContribItems/wxSmithKWIC/images/angreg16.xpm" />
		<Unit filename="../src/plugins/contrib/wxSmithContribItems/wxSmithKWIC/images/angreg32.xpm" />
		<Unit filename="../src/plugins/contrib/wxSmithContribItems/wxSmithKWIC/images/bmpchk16.xpm" />
		<Unit filename="../src/plugins/contrib/wxSmithContribItems/wxSmithKWIC/images/bmpchk32.xpm" />
		<Unit filename="../src/plugins/contrib/wxSmithContribItems/wxSmithKWIC/images/bmpswi16.xpm" />
		<Unit filename="../src/plugins/contrib/wxSmithContribItems/wxSmithKWIC/images/bmpswi32.xpm" />
		<Unit filename="../src/plugins/contrib/wxSmithContribItems/wxSmithKWIC/images/lcd16.xpm" />
		<Unit filename="../src/plugins/contrib/wxSmithContribItems/wxSmithKWIC/images/lcd32.xpm" />
		<Unit filename="../src/plugins/contrib/wxSmithContribItems/wxSmithKWIC/images/linmet16.xpm" />
		<Unit filename="../src/plugins/contrib/wxSmithContribItems/wxSmithKWIC/images/linmet32.xpm" />
		<Unit filename="../src/plugins/contrib/wxSmithContribItems/wxSmithKWIC/images/linreg16.xpm" />
		<Unit filename="../src/plugins/contrib/wxSmithContribItems/wxSmithKWIC/images/linreg32.xpm" />
		<Unit filename="../src/plugins/contrib/wxSmithContribItems/wxSmithKWIC/wxsangularmeter.cpp" />
		<Unit filename="../src/plugins/contrib/wxSmithContribItems/wxSmithKWIC/wxsangularmeter.h" />
		<Unit filename="../src/plugins/contrib/wxSmithContribItems/wxSmithKWIC/wxsangularregulator.cpp" />
		<Unit filename="../src/plugins/contrib/wxSmithContribItems/wxSmithKWIC/wxsangularregulator.h" />
		<Unit filename="../src/plugins/contrib/wxSmithContribItems/wxSmithKWIC/wxsbmpcheckbox.cpp" />
		<Unit filename="../src/plugins/contrib/wxSmithContribItems/wxSmithKWIC/wxsbmpcheckbox.h" />
		<Unit filename="../src/plugins/contrib/wxSmithContribItems/wxSmithKWIC/wxsbmpswitcher.cpp" />
		<Unit filename="../src/plugins/contrib/wxSmithContribItems/wxSmithKWIC/wxsbmpswitcher.h" />
		<Unit filename="../src/plugins/contrib/wxSmithContribItems/wxSmithKWIC/wxslcdclock.cpp" />
		<Unit filename="../src/plugins/contrib/wxSmithContribItems/wxSmithKWIC/wxslcdclock.h" />
		<Unit filename="../src/plugins/contrib/wxSmithContribItems/wxSmithKWIC/wxslcddisplay.cpp" />
		<Unit filename="../src/plugins/contrib/wxSmithContribItems/wxSmithKWIC/wxslcddisplay.h" />
		<Unit filename="../src/plugins/contrib/wxSmithContribItems/wxSmithKWIC/wxslinearmeter.cpp" />
		<Unit filename="../src/plugins/contrib/wxSmithContribItems/wxSmithKWIC/wxslinearmeter.h" />
		<Unit filename="../src/plugins/contrib/wxSmithContribItems/wxSmithKWIC/wxslinearregulator.cpp" />
		<Unit filename="../src/plugins/contrib/wxSmithContribItems/wxSmithKWIC/wxslinearregulator.h" />
		<Unit filename="../src/plugins/contrib/wxSmithContribItems/wxchart/wxchart16.png" />
		<Unit filename="../src/plugins/contrib/wxSmithContribItems/wxchart/wxchart16.xpm" />
		<Unit filename="../src/plugins/contrib/wxSmithContribItems/wxchart/wxchart32.png" />
		<Unit filename="../src/plugins/contrib/wxSmithContribItems/wxchart/wxchart32.xpm" />
		<Unit filename="../src/plugins/contrib/wxSmithContribItems/wxchart/wxschart.cpp" />
		<Unit filename="../src/plugins/contrib/wxSmithContribItems/wxchart/wxschart.h" />
		<Unit filename="../src/plugins/contrib/wxSmithContribItems/wxflatnotebook/images/flatnote16.png" />
		<Unit filename="../src/plugins/contrib/wxSmithContribItems/wxflatnotebook/images/flatnote16.xpm" />
		<Unit filename="../src/plugins/contrib/wxSmithContribItems/wxflatnotebook/images/flatnote32.png" />
		<Unit filename="../src/plugins/contrib/wxSmithContribItems/wxflatnotebook/images/flatnote32.xpm" />
		<Unit filename="../src/plugins/contrib/wxSmithContribItems/wxflatnotebook/wxsFlatNotebook.cpp" />
		<Unit filename="../src/plugins/contrib/wxSmithContribItems/wxflatnotebook/wxsFlatNotebook.h" />
		<Unit filename="../src/plugins/contrib/wxSmithContribItems/wxgbsizer/images/wxGridBagSizer16.xpm" />
		<Unit filename="../src/plugins/contrib/wxSmithContribItems/wxgbsizer/images/wxGridBagSizer32.xpm" />
		<Unit filename="../src/plugins/contrib/wxSmithContribItems/wxgbsizer/wxsGridBagSizer.cpp" />
		<Unit filename="../src/plugins/contrib/wxSmithContribItems/wxgbsizer/wxsGridBagSizer.h" />
		<Unit filename="../src/plugins/contrib/wxSmithContribItems/wximagebutton/wxImageButton16.xpm" />
		<Unit filename="../src/plugins/contrib/wxSmithContribItems/wximagebutton/wxImageButton32.xpm" />
		<Unit filename="../src/plugins/contrib/wxSmithContribItems/wximagebutton/wxsimagebutton.cpp" />
		<Unit filename="../src/plugins/contrib/wxSmithContribItems/wximagebutton/wxsimagebutton.h" />
		<Unit filename="../src/plugins/contrib/wxSmithContribItems/wximagepanel/wxImagePanel16.xpm" />
		<Unit filename="../src/plugins/contrib/wxSmithContribItems/wximagepanel/wxImagePanel32.xpm" />
		<Unit filename="../src/plugins/contrib/wxSmithContribItems/wximagepanel/wxsimagepanel.cpp" />
		<Unit filename="../src/plugins/contrib/wxSmithContribItems/wximagepanel/wxsimagepanel.h" />
		<Unit filename="../src/plugins/contrib/wxSmithContribItems/wxled/images/LedNumber16.xpm" />
		<Unit filename="../src/plugins/contrib/wxSmithContribItems/wxled/images/LedNumber32.xpm" />
		<Unit filename="../src/plugins/contrib/wxSmithContribItems/wxled/images/wxLcdWindow16.xpm" />
		<Unit filename="../src/plugins/contrib/wxSmithContribItems/wxled/images/wxLcdWindow32.xpm" />
		<Unit filename="../src/plugins/contrib/wxSmithContribItems/wxled/images/wxLedPanel16.xpm" />
		<Unit filename="../src/plugins/contrib/wxSmithContribItems/wxled/images/wxLedPanel32.xpm" />
		<Unit filename="../src/plugins/contrib/wxSmithContribItems/wxled/images/wxled16.xpm" />
		<Unit filename="../src/plugins/contrib/wxSmithContribItems/wxled/images/wxled32.xpm" />
		<Unit filename="../src/plugins/contrib/wxSmithContribItems/wxled/images/wxstateled16.xpm" />
		<Unit filename="../src/plugins/contrib/wxSmithContribItems/wxled/images/wxstateled32.xpm" />
		<Unit filename="../src/plugins/contrib/wxSmithContribItems/wxled/wxsLcdWindow.cpp" />
		<Unit filename="../src/plugins/contrib/wxSmithContribItems/wxled/wxsLcdWindow.h" />
		<Unit filename="../src/plugins/contrib/wxSmithContribItems/wxled/wxsLed.cpp" />
		<Unit filename="../src/plugins/contrib/wxSmithContribItems/wxled/wxsLed.h" />
		<Unit filename="../src/plugins/contrib/wxSmithContribItems/wxled/wxsLedNumber.cpp" />
		<Unit filename="../src/plugins/contrib/wxSmithContribItems/wxled/wxsLedNumber.h" />
		<Unit filename="../src/plugins/contrib/wxSmithContribItems/wxled/wxsLedPanel.cpp" />
		<Unit filename="../src/plugins/contrib/wxSmithContribItems/wxled/wxsLedPanel.h" />
		<Unit filename="../src/plugins/contrib/wxSmithContribItems/wxled/wxsStateLed.cpp" />
		<Unit filename="../src/plugins/contrib/wxSmithContribItems/wxled/wxsStateLed.h" />
		<Unit filename="../src/plugins/contrib/wxSmithContribItems/wxspeedbutton/SpeedButton16.xpm" />
		<Unit filename="../src/plugins/contrib/wxSmithContribItems/wxspeedbutton/SpeedButton32.xpm" />
		<Unit filename="../src/plugins/contrib/wxSmithContribItems/wxspeedbutton/wxsSpeedButton.cpp" />
		<Unit filename="../src/plugins/contrib/wxSmithContribItems/wxspeedbutton/wxsSpeedButton.h" />
		<Unit filename="../src/plugins/contrib/wxSmithContribItems/wxthings/wxcustombutton16.png" />
		<Unit filename="../src/plugins/contrib/wxSmithContribItems/wxthings/wxcustombutton16.xpm" />
		<Unit filename="../src/plugins/contrib/wxSmithContribItems/wxthings/wxcustombutton32.png" />
		<Unit filename="../src/plugins/contrib/wxSmithContribItems/wxthings/wxcustombutton32.xpm" />
		<Unit filename="../src/plugins/contrib/wxSmithContribItems/wxthings/wxscustombutton.cpp" />
		<Unit filename="../src/plugins/contrib/wxSmithContribItems/wxthings/wxscustombutton.h" />
		<Unit filename="../src/plugins/contrib/wxSmithContribItems/wxtreelist/images/TreeList16.xpm" />
		<Unit filename="../src/plugins/contrib/wxSmithContribItems/wxtreelist/images/TreeList32.xpm" />
		<Unit filename="../src/plugins/contrib/wxSmithContribItems/wxtreelist/wxsTreeListCtrl.cpp" />
		<Unit filename="../src/plugins/contrib/wxSmithContribItems/wxtreelist/wxsTreeListCtrl.h" />
		<Extensions>
			<code_completion />
			<envvars />
			<debugger />
		</Extensions>
	</Project>
</CodeBlocks_project_file>
